// !$*UTF8*$!
{
	archiveVersion = 1;
	classes = {
	};
	objectVersion = 50;
	objects = {

/* Begin PBXBuildFile section */
		485BCBA32623A92B00EF2FB1 /* AppDelegate.swift in Sources */ = {isa = PBXBuildFile; fileRef = 485BCBA22623A92B00EF2FB1 /* AppDelegate.swift */; };
		485BCBA52623A92B00EF2FB1 /* SceneDelegate.swift in Sources */ = {isa = PBXBuildFile; fileRef = 485BCBA42623A92B00EF2FB1 /* SceneDelegate.swift */; };
		485BCBA72623A92B00EF2FB1 /* ViewController.swift in Sources */ = {isa = PBXBuildFile; fileRef = 485BCBA62623A92B00EF2FB1 /* ViewController.swift */; };
		485BCBAA2623A92B00EF2FB1 /* Main.storyboard in Resources */ = {isa = PBXBuildFile; fileRef = 485BCBA82623A92B00EF2FB1 /* Main.storyboard */; };
		485BCBAC2623A92E00EF2FB1 /* Assets.xcassets in Resources */ = {isa = PBXBuildFile; fileRef = 485BCBAB2623A92E00EF2FB1 /* Assets.xcassets */; };
		485BCBAF2623A92E00EF2FB1 /* LaunchScreen.storyboard in Resources */ = {isa = PBXBuildFile; fileRef = 485BCBAD2623A92E00EF2FB1 /* LaunchScreen.storyboard */; };
		485BCBB82623AFD100EF2FB1 /* SelfSizingCollectionViewCell.swift in Sources */ = {isa = PBXBuildFile; fileRef = 485BCBB72623AFD000EF2FB1 /* SelfSizingCollectionViewCell.swift */; };
/* End PBXBuildFile section */

/* Begin PBXFileReference section */
		485BCB9F2623A92B00EF2FB1 /* SelfSizingHorizontalScroll.app */ = {isa = PBXFileReference; explicitFileType = wrapper.application; includeInIndex = 0; path = SelfSizingHorizontalScroll.app; sourceTree = BUILT_PRODUCTS_DIR; };
		485BCBA22623A92B00EF2FB1 /* AppDelegate.swift */ = {isa = PBXFileReference; lastKnownFileType = sourcecode.swift; path = AppDelegate.swift; sourceTree = "<group>"; };
		485BCBA42623A92B00EF2FB1 /* SceneDelegate.swift */ = {isa = PBXFileReference; lastKnownFileType = sourcecode.swift; path = SceneDelegate.swift; sourceTree = "<group>"; };
		485BCBA62623A92B00EF2FB1 /* ViewController.swift */ = {isa = PBXFileReference; lastKnownFileType = sourcecode.swift; path = ViewController.swift; sourceTree = "<group>"; };
		485BCBA92623A92B00EF2FB1 /* Base */ = {isa = PBXFileReference; lastKnownFileType = file.storyboard; name = Base; path = Base.lproj/Main.storyboard; sourceTree = "<group>"; };
		485BCBAB2623A92E00EF2FB1 /* Assets.xcassets */ = {isa = PBXFileReference; lastKnownFileType = folder.assetcatalog; path = Assets.xcassets; sourceTree = "<group>"; };
		485BCBAE2623A92E00EF2FB1 /* Base */ = {isa = PBXFileReference; lastKnownFileType = file.storyboard; name = Base; path = Base.lproj/LaunchScreen.storyboard; sourceTree = "<group>"; };
		485BCBB02623A92E00EF2FB1 /* Info.plist */ = {isa = PBXFileReference; lastKnownFileType = text.plist.xml; path = Info.plist; sourceTree = "<group>"; };
		485BCBB72623AFD000EF2FB1 /* SelfSizingCollectionViewCell.swift */ = {isa = PBXFileReference; lastKnownFileType = sourcecode.swift; path = SelfSizingCollectionViewCell.swift; sourceTree = "<group>"; };
/* End PBXFileReference section */

/* Begin PBXFrameworksBuildPhase section */
		485BCB9C2623A92B00EF2FB1 /* Frameworks */ = {
			isa = PBXFrameworksBuildPhase;
			buildActionMask = 2147483647;
			files = (
			);
			runOnlyForDeploymentPostprocessing = 0;
		};
/* End PBXFrameworksBuildPhase section */

/* Begin PBXGroup section */
		485BCB962623A92A00EF2FB1 = {
			isa = PBXGroup;
			children = (
				485BCBA12623A92B00EF2FB1 /* SelfSizingHorizontalScroll */,
				485BCBA02623A92B00EF2FB1 /* Products */,
			);
			sourceTree = "<group>";
		};
		485BCBA02623A92B00EF2FB1 /* Products */ = {
			isa = PBXGroup;
			children = (
				485BCB9F2623A92B00EF2FB1 /* SelfSizingHorizontalScroll.app */,
			);
			name = Products;
			sourceTree = "<group>";
		};
		485BCBA12623A92B00EF2FB1 /* SelfSizingHorizontalScroll */ = {
			isa = PBXGroup;
			children = (
				485BCBA22623A92B00EF2FB1 /* AppDelegate.swift */,
				485BCBA42623A92B00EF2FB1 /* SceneDelegate.swift */,
				485BCBA62623A92B00EF2FB1 /* ViewController.swift */,
				485BCBA82623A92B00EF2FB1 /* Main.storyboard */,
				485BCBAB2623A92E00EF2FB1 /* Assets.xcassets */,
				485BCBAD2623A92E00EF2FB1 /* LaunchScreen.storyboard */,
				485BCBB02623A92E00EF2FB1 /* Info.plist */,
				485BCBB72623AFD000EF2FB1 /* SelfSizingCollectionViewCell.swift */,
			);
			path = SelfSizingHorizontalScroll;
			sourceTree = "<group>";
		};
/* End PBXGroup section */

/* Begin PBXNativeTarget section */
		485BCB9E2623A92B00EF2FB1 /* SelfSizingHorizontalScroll */ = {
			isa = PBXNativeTarget;
			buildConfigurationList = 485BCBB32623A92E00EF2FB1 /* Build configuration list for PBXNativeTarget "SelfSizingHorizontalScroll" */;
			buildPhases = (
				485BCB9B2623A92B00EF2FB1 /* Sources */,
				485BCB9C2623A92B00EF2FB1 /* Frameworks */,
				485BCB9D2623A92B00EF2FB1 /* Resources */,
			);
			buildRules = (
			);
			dependencies = (
			);
			name = SelfSizingHorizontalScroll;
			productName = SelfSizingHorizontalScroll;
			productReference = 485BCB9F2623A92B00EF2FB1 /* SelfSizingHorizontalScroll.app */;
			productType = "com.apple.product-type.application";
		};
/* End PBXNativeTarget section */

/* Begin PBXProject section */
		485BCB972623A92A00EF2FB1 /* Project object */ = {
			isa = PBXProject;
			attributes = {
				LastSwiftUpdateCheck = 1240;
				LastUpgradeCheck = 1240;
				TargetAttributes = {
					485BCB9E2623A92B00EF2FB1 = {
						CreatedOnToolsVersion = 12.4;
					};
				};
			};
			buildConfigurationList = 485BCB9A2623A92A00EF2FB1 /* Build configuration list for PBXProject "SelfSizingHorizontalScroll" */;
			compatibilityVersion = "Xcode 9.3";
			developmentRegion = en;
			hasScannedForEncodings = 0;
			knownRegions = (
				en,
				Base,
			);
			mainGroup = 485BCB962623A92A00EF2FB1;
			productRefGroup = 485BCBA02623A92B00EF2FB1 /* Products */;
			projectDirPath = "";
			projectRoot = "";
			targets = (
				485BCB9E2623A92B00EF2FB1 /* SelfSizingHorizontalScroll */,
			);
		};
/* End PBXProject section */

/* Begin PBXResourcesBuildPhase section */
		485BCB9D2623A92B00EF2FB1 /* Resources */ = {
			isa = PBXResourcesBuildPhase;
			buildActionMask = 2147483647;
			files = (
				485BCBAF2623A92E00EF2FB1 /* LaunchScreen.storyboard in Resources */,
				485BCBAC2623A92E00EF2FB1 /* Assets.xcassets in Resources */,
				485BCBAA2623A92B00EF2FB1 /* Main.storyboard in Resources */,
			);
			runOnlyForDeploymentPostprocessing = 0;
		};
/* End PBXResourcesBuildPhase section */

/* Begin PBXSourcesBuildPhase section */
		485BCB9B2623A92B00EF2FB1 /* Sources */ = {
			isa = PBXSourcesBuildPhase;
			buildActionMask = 2147483647;
			files = (
				485BCBA72623A92B00EF2FB1 /* ViewController.swift in Sources */,
				485BCBA32623A92B00EF2FB1 /* AppDelegate.swift in Sources */,
				485BCBB82623AFD100EF2FB1 /* SelfSizingCollectionViewCell.swift in Sources */,
				485BCBA52623A92B00EF2FB1 /* SceneDelegate.swift in Sources */,
			);
			runOnlyForDeploymentPostprocessing = 0;
		};
/* End PBXSourcesBuildPhase section */

/* Begin PBXVariantGroup section */
		485BCBA82623A92B00EF2FB1 /* Main.storyboard */ = {
			isa = PBXVariantGroup;
			children = (
				485BCBA92623A92B00EF2FB1 /* Base */,
			);
			name = Main.storyboard;
			sourceTree = "<group>";
		};
		485BCBAD2623A92E00EF2FB1 /* LaunchScreen.storyboard */ = {
			isa = PBXVariantGroup;
			children = (
				485BCBAE2623A92E00EF2FB1 /* Base */,
			);
			name = LaunchScreen.storyboard;
			sourceTree = "<group>";
		};
/* End PBXVariantGroup section */

/* Begin XCBuildConfiguration section */
		485BCBB12623A92E00EF2FB1 /* Debug */ = {
			isa = XCBuildConfiguration;
			buildSettings = {
				ALWAYS_SEARCH_USER_PATHS = NO;
				CLANG_ANALYZER_NONNULL = YES;
				CLANG_ANALYZER_NUMBER_OBJECT_CONVERSION = YES_AGGRESSIVE;
				CLANG_CXX_LANGUAGE_STANDARD = "gnu++14";
				CLANG_CXX_LIBRARY = "libc++";
				CLANG_ENABLE_MODULES = YES;
				CLANG_ENABLE_OBJC_ARC = YES;
				CLANG_ENABLE_OBJC_WEAK = YES;
				CLANG_WARN_BLOCK_CAPTURE_AUTORELEASING = YES;
				CLANG_WARN_BOOL_CONVERSION = YES;
				CLANG_WARN_COMMA = YES;
				CLANG_WARN_CONSTANT_CONVERSION = YES;
				CLANG_WARN_DEPRECATED_OBJC_IMPLEMENTATIONS = YES;
				CLANG_WARN_DIRECT_OBJC_ISA_USAGE = YES_ERROR;
				CLANG_WARN_DOCUMENTATION_COMMENTS = YES;
				CLANG_WARN_EMPTY_BODY = YES;
				CLANG_WARN_ENUM_CONVERSION = YES;
				CLANG_WARN_INFINITE_RECURSION = YES;
				CLANG_WARN_INT_CONVERSION = YES;
				CLANG_WARN_NON_LITERAL_NULL_CONVERSION = YES;
				CLANG_WARN_OBJC_IMPLICIT_RETAIN_SELF = YES;
				CLANG_WARN_OBJC_LITERAL_CONVERSION = YES;
				CLANG_WARN_OBJC_ROOT_CLASS = YES_ERROR;
				CLANG_WARN_QUOTED_INCLUDE_IN_FRAMEWORK_HEADER = YES;
				CLANG_WARN_RANGE_LOOP_ANALYSIS = YES;
				CLANG_WARN_STRICT_PROTOTYPES = YES;
				CLANG_WARN_SUSPICIOUS_MOVE = YES;
				CLANG_WARN_UNGUARDED_AVAILABILITY = YES_AGGRESSIVE;
				CLANG_WARN_UNREACHABLE_CODE = YES;
				CLANG_WARN__DUPLICATE_METHOD_MATCH = YES;
				COPY_PHASE_STRIP = NO;
				DEBUG_INFORMATION_FORMAT = dwarf;
				ENABLE_STRICT_OBJC_MSGSEND = YES;
				ENABLE_TESTABILITY = YES;
				GCC_C_LANGUAGE_STANDARD = gnu11;
				GCC_DYNAMIC_NO_PIC = NO;
				GCC_NO_COMMON_BLOCKS = YES;
				GCC_OPTIMIZATION_LEVEL = 0;
				GCC_PREPROCESSOR_DEFINITIONS = (
					"DEBUG=1",
					"$(inherited)",
				);
				GCC_WARN_64_TO_32_BIT_CONVERSION = YES;
				GCC_WARN_ABOUT_RETURN_TYPE = YES_ERROR;
				GCC_WARN_UNDECLARED_SELECTOR = YES;
				GCC_WARN_UNINITIALIZED_AUTOS = YES_AGGRESSIVE;
				GCC_WARN_UNUSED_FUNCTION = YES;
				GCC_WARN_UNUSED_VARIABLE = YES;
				IPHONEOS_DEPLOYMENT_TARGET = 14.4;
				MTL_ENABLE_DEBUG_INFO = INCLUDE_SOURCE;
				MTL_FAST_MATH = YES;
				ONLY_ACTIVE_ARCH = YES;
				SDKROOT = iphoneos;
				SWIFT_ACTIVE_COMPILATION_CONDITIONS = DEBUG;
				SWIFT_OPTIMIZATION_LEVEL = "-Onone";
			};
			name = Debug;
		};
		485BCBB22623A92E00EF2FB1 /* Release */ = {
			isa = XCBuildConfiguration;
			buildSettings = {
				ALWAYS_SEARCH_USER_PATHS = NO;
				CLANG_ANALYZER_NONNULL = YES;
				CLANG_ANALYZER_NUMBER_OBJECT_CONVERSION = YES_AGGRESSIVE;
				CLANG_CXX_LANGUAGE_STANDARD = "gnu++14";
				CLANG_CXX_LIBRARY = "libc++";
				CLANG_ENABLE_MODULES = YES;
				CLANG_ENABLE_OBJC_ARC = YES;
				CLANG_ENABLE_OBJC_WEAK = YES;
				CLANG_WARN_BLOCK_CAPTURE_AUTORELEASING = YES;
				CLANG_WARN_BOOL_CONVERSION = YES;
				CLANG_WARN_COMMA = YES;
				CLANG_WARN_CONSTANT_CONVERSION = YES;
				CLANG_WARN_DEPRECATED_OBJC_IMPLEMENTATIONS = YES;
				CLANG_WARN_DIRECT_OBJC_ISA_USAGE = YES_ERROR;
				CLANG_WARN_DOCUMENTATION_COMMENTS = YES;
				CLANG_WARN_EMPTY_BODY = YES;
				CLANG_WARN_ENUM_CONVERSION = YES;
				CLANG_WARN_INFINITE_RECURSION = YES;
				CLANG_WARN_INT_CONVERSION = YES;
				CLANG_WARN_NON_LITERAL_NULL_CONVERSION = YES;
				CLANG_WARN_OBJC_IMPLICIT_RETAIN_SELF = YES;
				CLANG_WARN_OBJC_LITERAL_CONVERSION = YES;
				CLANG_WARN_OBJC_ROOT_CLASS = YES_ERROR;
				CLANG_WARN_QUOTED_INCLUDE_IN_FRAMEWORK_HEADER = YES;
				CLANG_WARN_RANGE_LOOP_ANALYSIS = YES;
				CLANG_WARN_STRICT_PROTOTYPES = YES;
				CLANG_WARN_SUSPICIOUS_MOVE = YES;
				CLANG_WARN_UNGUARDED_AVAILABILITY = YES_AGGRESSIVE;
				CLANG_WARN_UNREACHABLE_CODE = YES;
				CLANG_WARN__DUPLICATE_METHOD_MATCH = YES;
				COPY_PHASE_STRIP = NO;
				DEBUG_INFORMATION_FORMAT = "dwarf-with-dsym";
				ENABLE_NS_ASSERTIONS = NO;
				ENABLE_STRICT_OBJC_MSGSEND = YES;
				GCC_C_LANGUAGE_STANDARD = gnu11;
				GCC_NO_COMMON_BLOCKS = YES;
				GCC_WARN_64_TO_32_BIT_CONVERSION = YES;
				GCC_WARN_ABOUT_RETURN_TYPE = YES_ERROR;
				GCC_WARN_UNDECLARED_SELECTOR = YES;
				GCC_WARN_UNINITIALIZED_AUTOS = YES_AGGRESSIVE;
				GCC_WARN_UNUSED_FUNCTION = YES;
				GCC_WARN_UNUSED_VARIABLE = YES;
				IPHONEOS_DEPLOYMENT_TARGET = 14.4;
				MTL_ENABLE_DEBUG_INFO = NO;
				MTL_FAST_MATH = YES;
				SDKROOT = iphoneos;
				SWIFT_COMPILATION_MODE = wholemodule;
				SWIFT_OPTIMIZATION_LEVEL = "-O";
				VALIDATE_PRODUCT = YES;
			};
			name = Release;
		};
		485BCBB42623A92E00EF2FB1 /* Debug */ = {
			isa = XCBuildConfiguration;
			buildSettings = {
				ASSETCATALOG_COMPILER_APPICON_NAME = AppIcon;
				ASSETCATALOG_COMPILER_GLOBAL_ACCENT_COLOR_NAME = AccentColor;
				CODE_SIGN_STYLE = Automatic;
				INFOPLIST_FILE = SelfSizingHorizontalScroll/Info.plist;
				LD_RUNPATH_SEARCH_PATHS = (
					"$(inherited)",
					"@executable_path/Frameworks",
				);
				PRODUCT_BUNDLE_IDENTIFIER = MK.SelfSizingHorizontalScroll;
				PRODUCT_NAME = "$(TARGET_NAME)";
				SWIFT_VERSION = 5.0;
				TARGETED_DEVICE_FAMILY = "1,2";
			};
			name = Debug;
		};
		485BCBB52623A92E00EF2FB1 /* Release */ = {
			isa = XCBuildConfiguration;
			buildSettings = {
				ASSETCATALOG_COMPILER_APPICON_NAME = AppIcon;
				ASSETCATALOG_COMPILER_GLOBAL_ACCENT_COLOR_NAME = AccentColor;
				CODE_SIGN_STYLE = Automatic;
				INFOPLIST_FILE = SelfSizingHorizontalScroll/Info.plist;
				LD_RUNPATH_SEARCH_PATHS = (
					"$(inherited)",
					"@executable_path/Frameworks",
				);
				PRODUCT_BUNDLE_IDENTIFIER = MK.SelfSizingHorizontalScroll;
				PRODUCT_NAME = "$(TARGET_NAME)";
				SWIFT_VERSION = 5.0;
				TARGETED_DEVICE_FAMILY = "1,2";
			};
			name = Release;
		};
/* End XCBuildConfiguration section */

/* Begin XCConfigurationList section */
		485BCB9A2623A92A00EF2FB1 /* Build configuration list for PBXProject "SelfSizingHorizontalScroll" */ = {
			isa = XCConfigurationList;
			buildConfigurations = (
				485BCBB12623A92E00EF2FB1 /* Debug */,
				485BCBB22623A92E00EF2FB1 /* Release */,
			);
			defaultConfigurationIsVisible = 0;
			defaultConfigurationName = Release;
		};
		485BCBB32623A92E00EF2FB1 /* Build configuration list for PBXNativeTarget "SelfSizingHorizontalScroll" */ = {
			isa = XCConfigurationList;
			buildConfigurations = (
				485BCBB42623A92E00EF2FB1 /* Debug */,
				485BCBB52623A92E00EF2FB1 /* Release */,
			);
			defaultConfigurationIsVisible = 0;
			defaultConfigurationName = Release;
		};
/* End XCConfigurationList section */
	};
	rootObject = 485BCB972623A92A00EF2FB1 /* Project object */;
}
